
Microsoft Visual Studio Solution File, Format Version 12.00
# Visual Studio Version 17
VisualStudioVersion = 17.8.34322.80
MinimumVisualStudioVersion = 10.0.40219.1
Project("{FAE04EC0-301F-11D3-BF4B-00C04F79EFBC}") = "ConAppAss8-Part2", "ConAppAss8-Part2\ConAppAss8-Part2.csproj", "{A24A78C1-FDA5-483C-8088-F6E10A17C49C}"
EndProject
Global
	GlobalSection(SolutionConfigurationPlatforms) = preSolution
		Debug|Any CPU = Debug|Any CPU
		Release|Any CPU = Release|Any CPU
	EndGlobalSection
	GlobalSection(ProjectConfigurationPlatforms) = postSolution
		{A24A78C1-FDA5-483C-8088-F6E10A17C49C}.Debug|Any CPU.ActiveCfg = Debug|Any CPU
		{A24A78C1-FDA5-483C-8088-F6E10A17C49C}.Debug|Any CPU.Build.0 = Debug|Any CPU
		{A24A78C1-FDA5-483C-8088-F6E10A17C49C}.Release|Any CPU.ActiveCfg = Release|Any CPU
		{A24A78C1-FDA5-483C-8088-F6E10A17C49C}.Release|Any CPU.Build.0 = Release|Any CPU
	EndGlobalSection
	GlobalSection(SolutionProperties) = preSolution
		HideSolutionNode = FALSE
	EndGlobalSection
	GlobalSection(ExtensibilityGlobals) = postSolution
		SolutionGuid = {D1DE69AF-59EF-40C0-A60A-89E45B269949}
	EndGlobalSection
EndGlobal
